
Microsoft Visual Studio Solution File, Format Version 12.00
# Visual Studio Version 17
VisualStudioVersion = 17.1.32104.313
MinimumVisualStudioVersion = 10.0.40219.1
Project("{FAE04EC0-301F-11D3-BF4B-00C04F79EFBC}") = "Concert", "Concert\Concert.csproj", "{0779D799-76FB-4742-BD4A-EAD5ADA1E89A}"
EndProject
Project("{FAE04EC0-301F-11D3-BF4B-00C04F79EFBC}") = "SingleThreaded", "Playground\SingleThreaded.csproj", "{E7930F09-B707-4E19-9D9D-7219B1CD8762}"
EndProject
Project("{FAE04EC0-301F-11D3-BF4B-00C04F79EFBC}") = "SingleThreaded.Tests", "SingleThreaded.Tests\SingleThreaded.Tests.csproj", "{8F7FC7FB-8CD9-4C05-BAE7-6DBB1F0D8895}"
EndProject
Global
	GlobalSection(SolutionConfigurationPlatforms) = preSolution
		Debug|Any CPU = Debug|Any CPU
		Release|Any CPU = Release|Any CPU
	EndGlobalSection
	GlobalSection(ProjectConfigurationPlatforms) = postSolution
		{0779D799-76FB-4742-BD4A-EAD5ADA1E89A}.Debug|Any CPU.ActiveCfg = Debug|Any CPU
		{0779D799-76FB-4742-BD4A-EAD5ADA1E89A}.Debug|Any CPU.Build.0 = Debug|Any CPU
		{0779D799-76FB-4742-BD4A-EAD5ADA1E89A}.Release|Any CPU.ActiveCfg = Release|Any CPU
		{0779D799-76FB-4742-BD4A-EAD5ADA1E89A}.Release|Any CPU.Build.0 = Release|Any CPU
		{E7930F09-B707-4E19-9D9D-7219B1CD8762}.Debug|Any CPU.ActiveCfg = Debug|Any CPU
		{E7930F09-B707-4E19-9D9D-7219B1CD8762}.Debug|Any CPU.Build.0 = Debug|Any CPU
		{E7930F09-B707-4E19-9D9D-7219B1CD8762}.Release|Any CPU.ActiveCfg = Release|Any CPU
		{E7930F09-B707-4E19-9D9D-7219B1CD8762}.Release|Any CPU.Build.0 = Release|Any CPU
		{8F7FC7FB-8CD9-4C05-BAE7-6DBB1F0D8895}.Debug|Any CPU.ActiveCfg = Debug|Any CPU
		{8F7FC7FB-8CD9-4C05-BAE7-6DBB1F0D8895}.Debug|Any CPU.Build.0 = Debug|Any CPU
		{8F7FC7FB-8CD9-4C05-BAE7-6DBB1F0D8895}.Release|Any CPU.ActiveCfg = Release|Any CPU
		{8F7FC7FB-8CD9-4C05-BAE7-6DBB1F0D8895}.Release|Any CPU.Build.0 = Release|Any CPU
	EndGlobalSection
	GlobalSection(SolutionProperties) = preSolution
		HideSolutionNode = FALSE
	EndGlobalSection
	GlobalSection(ExtensibilityGlobals) = postSolution
		SolutionGuid = {F2289DD2-53EA-4BC1-8650-5BFAD37C8736}
	EndGlobalSection
EndGlobal
